github.com/nickwells/col.mod v1.1.0 h1:Z65DTRnffT+GahDfDoneQTmifYm8NMHBmZyxJUL9IUc=
github.com/nickwells/col.mod v1.1.0/go.mod h1:4THC2fFReTDIjokgHadWVHYCOK06YQGhLTQw68U+h64=
github.com/nickwells/testhelper.mod v1.3.0 h1:OLo5AiCDJGB8G3P5T0YXbq9UwNdVIAROEifV41zLdww=
github.com/nickwells/testhelper.mod v1.3.0/go.mod h1:Ct/U2PjL0n9hGc+US6uR/s4NxSRI33NM+0ZkrDkG0XI=
